
Microsoft Visual Studio Solution File, Format Version 12.00
# Visual Studio Version 17
VisualStudioVersion = 17.12.35410.144
MinimumVisualStudioVersion = 10.0.40219.1
Project("{FAE04EC0-301F-11D3-BF4B-00C04F79EFBC}") = "App", "src\App\App.csproj", "{2D33D06A-4716-4A72-902B-7033A827947B}"
EndProject
Project("{FAE04EC0-301F-11D3-BF4B-00C04F79EFBC}") = "Warehouse.Application", "src\Modules\Warehouse\Application\Warehouse.Application.csproj", "{AD6599D9-2958-4A92-8401-778DAC6FE4E2}"
EndProject
Project("{FAE04EC0-301F-11D3-BF4B-00C04F79EFBC}") = "Warehouse.Domain", "src\Modules\Warehouse\Domain\Warehouse.Domain.csproj", "{AF2FC389-2D67-4BA3-A4AC-585F5D6591E5}"
EndProject
Project("{FAE04EC0-301F-11D3-BF4B-00C04F79EFBC}") = "Warehouse.Infrastructure", "src\Modules\Warehouse\Infrastructure\Warehouse.Infrastructure.csproj", "{ABA01FBC-B7F8-4885-8760-56C0D56480A8}"
EndProject
Project("{2150E333-8FDC-42A3-9474-1A3956D46DE8}") = "Warehouse", "Warehouse", "{B35092FF-D003-4AF5-8343-B60123DEB5D0}"
EndProject
Project("{2150E333-8FDC-42A3-9474-1A3956D46DE8}") = "src", "src", "{6C5E43C7-2AB3-4FF6-B3BF-D31D59DAB047}"
EndProject
Project("{2150E333-8FDC-42A3-9474-1A3956D46DE8}") = "Modules", "Modules", "{81D924B1-81EA-4C40-B896-F7C4404CC0F7}"
EndProject
Project("{2150E333-8FDC-42A3-9474-1A3956D46DE8}") = "Common", "Common", "{8AAB8498-3FED-429F-8CC5-348168AF6D44}"
EndProject
Project("{FAE04EC0-301F-11D3-BF4B-00C04F79EFBC}") = "Warehouse.Presentation", "src\Modules\Warehouse\Presentation\Warehouse.Presentation.csproj", "{D8CF5D92-73B4-421B-9E93-1DEC8ABB09E3}"
EndProject
Project("{FAE04EC0-301F-11D3-BF4B-00C04F79EFBC}") = "Infrastructure", "src\Common\Infrastructure\Infrastructure.csproj", "{28BE2814-9366-4562-8681-8D4284D68E8B}"
EndProject
Project("{FAE04EC0-301F-11D3-BF4B-00C04F79EFBC}") = "Shared", "src\Common\Shared\Shared.csproj", "{018026C8-A5D1-41B0-BA89-A06293D5B8A8}"
EndProject
Project("{FAE04EC0-301F-11D3-BF4B-00C04F79EFBC}") = "Domain", "src\Common\Domain\Domain.csproj", "{4F4A7649-05CA-482C-9583-FFAFAD8493F9}"
EndProject
Project("{FAE04EC0-301F-11D3-BF4B-00C04F79EFBC}") = "Application", "src\Common\Application\Application.csproj", "{6549C834-2A4F-4D07-9210-A752E421AF9E}"
EndProject
Project("{FAE04EC0-301F-11D3-BF4B-00C04F79EFBC}") = "Persistence", "src\Common\Persistence\Persistence.csproj", "{814E8CC2-D2DE-4591-BB2A-AAEA057CD443}"
EndProject
Project("{FAE04EC0-301F-11D3-BF4B-00C04F79EFBC}") = "Warehouse.Persistence", "src\Modules\Warehouse\Persistence\Warehouse.Persistence.csproj", "{EB791D7D-8B74-4056-9932-144DFD8AF492}"
EndProject
Project("{2150E333-8FDC-42A3-9474-1A3956D46DE8}") = "test", "test", "{D7C765E2-6F5C-4B38-B6C7-50C841C55E4F}"
EndProject
Project("{FAE04EC0-301F-11D3-BF4B-00C04F79EFBC}") = "Presentation", "src\Common\Presentation\Presentation.csproj", "{5E70234A-BF11-4B40-8405-FD407CD14899}"
EndProject
Project("{E53339B2-1760-4266-BCC7-CA923CBCF16C}") = "docker-compose", "docker-compose.dcproj", "{D8EFBCBB-EB4B-4311-BB33-FA5D6E1B9820}"
EndProject
Project("{FAE04EC0-301F-11D3-BF4B-00C04F79EFBC}") = "ArchitectureTests", "test\ArchitectureTests\ArchitectureTests.csproj", "{F02A31BD-76C6-4C3F-BA69-DD26CAAC6634}"
EndProject
Project("{2150E333-8FDC-42A3-9474-1A3956D46DE8}") = "Solution Items", "Solution Items", "{1ED7B885-9809-4CAF-895C-61B5991E85AA}"
	ProjectSection(SolutionItems) = preProject
		.editorconfig = .editorconfig
	EndProjectSection
EndProject
Global
	GlobalSection(SolutionConfigurationPlatforms) = preSolution
		Debug|Any CPU = Debug|Any CPU
		Release|Any CPU = Release|Any CPU
	EndGlobalSection
	GlobalSection(ProjectConfigurationPlatforms) = postSolution
		{2D33D06A-4716-4A72-902B-7033A827947B}.Debug|Any CPU.ActiveCfg = Debug|Any CPU
		{2D33D06A-4716-4A72-902B-7033A827947B}.Debug|Any CPU.Build.0 = Debug|Any CPU
		{2D33D06A-4716-4A72-902B-7033A827947B}.Release|Any CPU.ActiveCfg = Release|Any CPU
		{2D33D06A-4716-4A72-902B-7033A827947B}.Release|Any CPU.Build.0 = Release|Any CPU
		{AD6599D9-2958-4A92-8401-778DAC6FE4E2}.Debug|Any CPU.ActiveCfg = Debug|Any CPU
		{AD6599D9-2958-4A92-8401-778DAC6FE4E2}.Debug|Any CPU.Build.0 = Debug|Any CPU
		{AD6599D9-2958-4A92-8401-778DAC6FE4E2}.Release|Any CPU.ActiveCfg = Release|Any CPU
		{AD6599D9-2958-4A92-8401-778DAC6FE4E2}.Release|Any CPU.Build.0 = Release|Any CPU
		{AF2FC389-2D67-4BA3-A4AC-585F5D6591E5}.Debug|Any CPU.ActiveCfg = Debug|Any CPU
		{AF2FC389-2D67-4BA3-A4AC-585F5D6591E5}.Debug|Any CPU.Build.0 = Debug|Any CPU
		{AF2FC389-2D67-4BA3-A4AC-585F5D6591E5}.Release|Any CPU.ActiveCfg = Release|Any CPU
		{AF2FC389-2D67-4BA3-A4AC-585F5D6591E5}.Release|Any CPU.Build.0 = Release|Any CPU
		{ABA01FBC-B7F8-4885-8760-56C0D56480A8}.Debug|Any CPU.ActiveCfg = Debug|Any CPU
		{ABA01FBC-B7F8-4885-8760-56C0D56480A8}.Debug|Any CPU.Build.0 = Debug|Any CPU
		{ABA01FBC-B7F8-4885-8760-56C0D56480A8}.Release|Any CPU.ActiveCfg = Release|Any CPU
		{ABA01FBC-B7F8-4885-8760-56C0D56480A8}.Release|Any CPU.Build.0 = Release|Any CPU
		{D8CF5D92-73B4-421B-9E93-1DEC8ABB09E3}.Debug|Any CPU.ActiveCfg = Debug|Any CPU
		{D8CF5D92-73B4-421B-9E93-1DEC8ABB09E3}.Debug|Any CPU.Build.0 = Debug|Any CPU
		{D8CF5D92-73B4-421B-9E93-1DEC8ABB09E3}.Release|Any CPU.ActiveCfg = Release|Any CPU
		{D8CF5D92-73B4-421B-9E93-1DEC8ABB09E3}.Release|Any CPU.Build.0 = Release|Any CPU
		{28BE2814-9366-4562-8681-8D4284D68E8B}.Debug|Any CPU.ActiveCfg = Debug|Any CPU
		{28BE2814-9366-4562-8681-8D4284D68E8B}.Debug|Any CPU.Build.0 = Debug|Any CPU
		{28BE2814-9366-4562-8681-8D4284D68E8B}.Release|Any CPU.ActiveCfg = Release|Any CPU
		{28BE2814-9366-4562-8681-8D4284D68E8B}.Release|Any CPU.Build.0 = Release|Any CPU
		{018026C8-A5D1-41B0-BA89-A06293D5B8A8}.Debug|Any CPU.ActiveCfg = Debug|Any CPU
		{018026C8-A5D1-41B0-BA89-A06293D5B8A8}.Debug|Any CPU.Build.0 = Debug|Any CPU
		{018026C8-A5D1-41B0-BA89-A06293D5B8A8}.Release|Any CPU.ActiveCfg = Release|Any CPU
		{018026C8-A5D1-41B0-BA89-A06293D5B8A8}.Release|Any CPU.Build.0 = Release|Any CPU
		{4F4A7649-05CA-482C-9583-FFAFAD8493F9}.Debug|Any CPU.ActiveCfg = Debug|Any CPU
		{4F4A7649-05CA-482C-9583-FFAFAD8493F9}.Debug|Any CPU.Build.0 = Debug|Any CPU
		{4F4A7649-05CA-482C-9583-FFAFAD8493F9}.Release|Any CPU.ActiveCfg = Release|Any CPU
		{4F4A7649-05CA-482C-9583-FFAFAD8493F9}.Release|Any CPU.Build.0 = Release|Any CPU
		{6549C834-2A4F-4D07-9210-A752E421AF9E}.Debug|Any CPU.ActiveCfg = Debug|Any CPU
		{6549C834-2A4F-4D07-9210-A752E421AF9E}.Debug|Any CPU.Build.0 = Debug|Any CPU
		{6549C834-2A4F-4D07-9210-A752E421AF9E}.Release|Any CPU.ActiveCfg = Release|Any CPU
		{6549C834-2A4F-4D07-9210-A752E421AF9E}.Release|Any CPU.Build.0 = Release|Any CPU
		{814E8CC2-D2DE-4591-BB2A-AAEA057CD443}.Debug|Any CPU.ActiveCfg = Debug|Any CPU
		{814E8CC2-D2DE-4591-BB2A-AAEA057CD443}.Debug|Any CPU.Build.0 = Debug|Any CPU
		{814E8CC2-D2DE-4591-BB2A-AAEA057CD443}.Release|Any CPU.ActiveCfg = Release|Any CPU
		{814E8CC2-D2DE-4591-BB2A-AAEA057CD443}.Release|Any CPU.Build.0 = Release|Any CPU
		{EB791D7D-8B74-4056-9932-144DFD8AF492}.Debug|Any CPU.ActiveCfg = Debug|Any CPU
		{EB791D7D-8B74-4056-9932-144DFD8AF492}.Debug|Any CPU.Build.0 = Debug|Any CPU
		{EB791D7D-8B74-4056-9932-144DFD8AF492}.Release|Any CPU.ActiveCfg = Release|Any CPU
		{EB791D7D-8B74-4056-9932-144DFD8AF492}.Release|Any CPU.Build.0 = Release|Any CPU
		{5E70234A-BF11-4B40-8405-FD407CD14899}.Debug|Any CPU.ActiveCfg = Debug|Any CPU
		{5E70234A-BF11-4B40-8405-FD407CD14899}.Debug|Any CPU.Build.0 = Debug|Any CPU
		{5E70234A-BF11-4B40-8405-FD407CD14899}.Release|Any CPU.ActiveCfg = Release|Any CPU
		{5E70234A-BF11-4B40-8405-FD407CD14899}.Release|Any CPU.Build.0 = Release|Any CPU
		{D8EFBCBB-EB4B-4311-BB33-FA5D6E1B9820}.Debug|Any CPU.ActiveCfg = Debug|Any CPU
		{D8EFBCBB-EB4B-4311-BB33-FA5D6E1B9820}.Debug|Any CPU.Build.0 = Debug|Any CPU
		{D8EFBCBB-EB4B-4311-BB33-FA5D6E1B9820}.Release|Any CPU.ActiveCfg = Release|Any CPU
		{D8EFBCBB-EB4B-4311-BB33-FA5D6E1B9820}.Release|Any CPU.Build.0 = Release|Any CPU
		{F02A31BD-76C6-4C3F-BA69-DD26CAAC6634}.Debug|Any CPU.ActiveCfg = Debug|Any CPU
		{F02A31BD-76C6-4C3F-BA69-DD26CAAC6634}.Debug|Any CPU.Build.0 = Debug|Any CPU
		{F02A31BD-76C6-4C3F-BA69-DD26CAAC6634}.Release|Any CPU.ActiveCfg = Release|Any CPU
		{F02A31BD-76C6-4C3F-BA69-DD26CAAC6634}.Release|Any CPU.Build.0 = Release|Any CPU
	EndGlobalSection
	GlobalSection(SolutionProperties) = preSolution
		HideSolutionNode = FALSE
	EndGlobalSection
	GlobalSection(NestedProjects) = preSolution
		{2D33D06A-4716-4A72-902B-7033A827947B} = {6C5E43C7-2AB3-4FF6-B3BF-D31D59DAB047}
		{AD6599D9-2958-4A92-8401-778DAC6FE4E2} = {B35092FF-D003-4AF5-8343-B60123DEB5D0}
		{AF2FC389-2D67-4BA3-A4AC-585F5D6591E5} = {B35092FF-D003-4AF5-8343-B60123DEB5D0}
		{ABA01FBC-B7F8-4885-8760-56C0D56480A8} = {B35092FF-D003-4AF5-8343-B60123DEB5D0}
		{B35092FF-D003-4AF5-8343-B60123DEB5D0} = {81D924B1-81EA-4C40-B896-F7C4404CC0F7}
		{81D924B1-81EA-4C40-B896-F7C4404CC0F7} = {6C5E43C7-2AB3-4FF6-B3BF-D31D59DAB047}
		{8AAB8498-3FED-429F-8CC5-348168AF6D44} = {6C5E43C7-2AB3-4FF6-B3BF-D31D59DAB047}
		{D8CF5D92-73B4-421B-9E93-1DEC8ABB09E3} = {B35092FF-D003-4AF5-8343-B60123DEB5D0}
		{28BE2814-9366-4562-8681-8D4284D68E8B} = {8AAB8498-3FED-429F-8CC5-348168AF6D44}
		{018026C8-A5D1-41B0-BA89-A06293D5B8A8} = {8AAB8498-3FED-429F-8CC5-348168AF6D44}
		{4F4A7649-05CA-482C-9583-FFAFAD8493F9} = {8AAB8498-3FED-429F-8CC5-348168AF6D44}
		{6549C834-2A4F-4D07-9210-A752E421AF9E} = {8AAB8498-3FED-429F-8CC5-348168AF6D44}
		{814E8CC2-D2DE-4591-BB2A-AAEA057CD443} = {8AAB8498-3FED-429F-8CC5-348168AF6D44}
		{EB791D7D-8B74-4056-9932-144DFD8AF492} = {B35092FF-D003-4AF5-8343-B60123DEB5D0}
		{5E70234A-BF11-4B40-8405-FD407CD14899} = {8AAB8498-3FED-429F-8CC5-348168AF6D44}
		{F02A31BD-76C6-4C3F-BA69-DD26CAAC6634} = {D7C765E2-6F5C-4B38-B6C7-50C841C55E4F}
	EndGlobalSection
EndGlobal
